{
  "name": "pecunies-portfolio-edge",
  "lockfileVersion": 3,
  "requires": true,
  "packages": {
    "": {
      "name": "pecunies-portfolio-edge",
      "dependencies": {
        "@cloudflare/ai-utils": "^1.0.1",
        "@cloudflare/sandbox": "^0.11.0"
      }
    },
    "node_modules/@cloudflare/ai-utils": {
      "version": "1.0.1",
      "resolved": "https://registry.npmjs.org/@cloudflare/ai-utils/-/ai-utils-1.0.1.tgz",
      "integrity": "sha512-gmn16AvVqtMLcaBYvPkwEWui39E4hlcFPqXuVamKbGleIDO6hVpvAy3KCvbnoPVT7KqRcfdLLpHRIBQDwI9tWQ==",
      "license": "Apache-2.0",
      "dependencies": {
        "yaml": "^2.4.5",
        "zod": "^3.23.8"
      }
    },
    "node_modules/@cloudflare/containers": {
      "version": "0.3.7",
      "resolved": "https://registry.npmjs.org/@cloudflare/containers/-/containers-0.3.7.tgz",
      "integrity": "sha512-DM9dm3FnIBSyiSJ1FLavKwl/lk3oAmTaynCzZQ9pZR0ncRPquSxkxd8Nu2MFILxmDDsPkxKsSNEh9mHHMty4Fw==",
      "license": "MIT OR Apache-2.0"
    },
    "node_modules/@cloudflare/sandbox": {
      "version": "0.11.0",
      "resolved": "https://registry.npmjs.org/@cloudflare/sandbox/-/sandbox-0.11.0.tgz",
      "integrity": "sha512-OdM26ucJlc5B4en8eZMI0C8/UE3gk9bi2sqmElsGyqZIk6nhAo1HqHQynmuLKIHfNo6qo4bt12tWjTgFzzzgBg==",
      "license": "Apache-2.0",
      "dependencies": {
        "@cloudflare/containers": "^0.3.5",
        "aws4fetch": "^1.0.20",
        "capnweb": "^0.8.0",
        "hono": "^4.12.18"
      },
      "peerDependencies": {
        "@openai/agents": "^0.3.3",
        "@opencode-ai/sdk": "^1.1.40",
        "@xterm/xterm": ">=5.0.0"
      },
      "peerDependenciesMeta": {
        "@openai/agents": {
          "optional": true
        },
        "@opencode-ai/sdk": {
          "optional": true
        },
        "@xterm/xterm": {
          "optional": true
        }
      }
    },
    "node_modules/aws4fetch": {
      "version": "1.0.20",
      "resolved": "https://registry.npmjs.org/aws4fetch/-/aws4fetch-1.0.20.tgz",
      "integrity": "sha512-/djoAN709iY65ETD6LKCtyyEI04XIBP5xVvfmNxsEP0uJB5tyaGBztSryRr4HqMStr9R06PisQE7m9zDTXKu6g==",
      "license": "MIT"
    },
    "node_modules/capnweb": {
      "version": "0.8.0",
      "resolved": "https://registry.npmjs.org/capnweb/-/capnweb-0.8.0.tgz",
      "integrity": "sha512-BK/TuXUiyfLSKsmjojn70yN7oYG/JJzoURZ3tckjg5Zj2KcygPm0A5jyOlswK7SYB4f0Gh9tt+RZ132b80iLfA==",
      "license": "MIT"
    },
    "node_modules/hono": {
      "version": "4.12.23",
      "resolved": "https://registry.npmjs.org/hono/-/hono-4.12.23.tgz",
      "integrity": "sha512-eIaZ9qDgu7XV0pxOCrg7/WhnQ6Ivm22UcxhXx/A3dcbqbbYgBEkc6e/J/s7j2tS96zoB0S9VBdLwQNCWwUo4LA==",
      "license": "MIT",
      "engines": {
        "node": ">=16.9.0"
      }
    },
    "node_modules/yaml": {
      "version": "2.9.0",
      "resolved": "https://registry.npmjs.org/yaml/-/yaml-2.9.0.tgz",
      "integrity": "sha512-2AvhNX3mb8zd6Zy7INTtSpl1F15HW6Wnqj0srWlkKLcpYl/gMIMJiyuGq2KeI2YFxUPjdlB+3Lc10seMLtL4cA==",
      "license": "ISC",
      "bin": {
        "yaml": "bin.mjs"
      },
      "engines": {
        "node": ">= 14.6"
      },
      "funding": {
        "url": "https://github.com/sponsors/eemeli"
      }
    },
    "node_modules/zod": {
      "version": "3.25.76",
      "resolved": "https://registry.npmjs.org/zod/-/zod-3.25.76.tgz",
      "integrity": "sha512-gzUt/qt81nXsFGKIFcC3YnfEAx5NkunCfnDlvuBSSFS02bcXu4Lmea0AFIUwbLWxWPx3d9p8S5QoaujKcNQxcQ==",
      "license": "MIT",
      "funding": {
        "url": "https://github.com/sponsors/colinhacks"
      }
    }
  }
}
